// !$*UTF8*$!
{
	archiveVersion = 1;
	classes = {
	};
	objectVersion = 46;
	objects = {

/* Begin PBXBuildFile section */
		002DBE071DC0417000A686A0 /* Main.storyboard in Resources */ = {isa = PBXBuildFile; fileRef = 002DBE061DC0417000A686A0 /* Main.storyboard */; };
		4DAFD5011DBF9B0900CE4DDE /* AppDelegate.swift in Sources */ = {isa = PBXBuildFile; fileRef = 4DAFD5001DBF9B0900CE4DDE /* AppDelegate.swift */; };
		4DAFD5031DBF9B0900CE4DDE /* GalaxyViewController.swift in Sources */ = {isa = PBXBuildFile; fileRef = 4DAFD5021DBF9B0900CE4DDE /* GalaxyViewController.swift */; };
		4DAFD5081DBF9B0900CE4DDE /* Assets.xcassets in Resources */ = {isa = PBXBuildFile; fileRef = 4DAFD5071DBF9B0900CE4DDE /* Assets.xcassets */; };
		4DAFD5131DBFA3ED00CE4DDE /* GalaxyURLs.swift in Sources */ = {isa = PBXBuildFile; fileRef = 4DAFD5121DBFA3ED00CE4DDE /* GalaxyURLs.swift */; };
/* End PBXBuildFile section */

/* Begin PBXFileReference section */
		002DBE061DC0417000A686A0 /* Main.storyboard */ = {isa = PBXFileReference; fileEncoding = 4; lastKnownFileType = file.storyboard; name = Main.storyboard; path = ../Main.storyboard; sourceTree = "<group>"; };
		4DAFD4FD1DBF9B0900CE4DDE /* Galaxy.app */ = {isa = PBXFileReference; explicitFileType = wrapper.application; includeInIndex = 0; path = Galaxy.app; sourceTree = BUILT_PRODUCTS_DIR; };
		4DAFD5001DBF9B0900CE4DDE /* AppDelegate.swift */ = {isa = PBXFileReference; lastKnownFileType = sourcecode.swift; path = AppDelegate.swift; sourceTree = "<group>"; };
		4DAFD5021DBF9B0900CE4DDE /* GalaxyViewController.swift */ = {isa = PBXFileReference; lastKnownFileType = sourcecode.swift; path = GalaxyViewController.swift; sourceTree = "<group>"; };
		4DAFD5071DBF9B0900CE4DDE /* Assets.xcassets */ = {isa = PBXFileReference; lastKnownFileType = folder.assetcatalog; path = Assets.xcassets; sourceTree = "<group>"; };
		4DAFD50C1DBF9B0900CE4DDE /* Info.plist */ = {isa = PBXFileReference; lastKnownFileType = text.plist.xml; path = Info.plist; sourceTree = "<group>"; };
		4DAFD5121DBFA3ED00CE4DDE /* GalaxyURLs.swift */ = {isa = PBXFileReference; fileEncoding = 4; lastKnownFileType = sourcecode.swift; path = GalaxyURLs.swift; sourceTree = "<group>"; };
/* End PBXFileReference section */

/* Begin PBXFrameworksBuildPhase section */
		4DAFD4FA1DBF9B0900CE4DDE /* Frameworks */ = {
			isa = PBXFrameworksBuildPhase;
			buildActionMask = 2147483647;
			files = (
			);
			runOnlyForDeploymentPostprocessing = 0;
		};
/* End PBXFrameworksBuildPhase section */

/* Begin PBXGroup section */
		4DAFD4F41DBF9B0900CE4DDE = {
			isa = PBXGroup;
			children = (
				4DAFD4FF1DBF9B0900CE4DDE /* Galaxy */,
				4DAFD4FE1DBF9B0900CE4DDE /* Products */,
			);
			sourceTree = "<group>";
		};
		4DAFD4FE1DBF9B0900CE4DDE /* Products */ = {
			isa = PBXGroup;
			children = (
				4DAFD4FD1DBF9B0900CE4DDE /* Galaxy.app */,
			);
			name = Products;
			sourceTree = "<group>";
		};
		4DAFD4FF1DBF9B0900CE4DDE /* Galaxy */ = {
			isa = PBXGroup;
			children = (
				4DAFD5001DBF9B0900CE4DDE /* AppDelegate.swift */,
				4DAFD5021DBF9B0900CE4DDE /* GalaxyViewController.swift */,
				002DBE061DC0417000A686A0 /* Main.storyboard */,
				4DAFD5121DBFA3ED00CE4DDE /* GalaxyURLs.swift */,
				4DAFD5071DBF9B0900CE4DDE /* Assets.xcassets */,
				4DAFD50C1DBF9B0900CE4DDE /* Info.plist */,
			);
			path = Galaxy;
			sourceTree = "<group>";
		};
/* End PBXGroup section */

/* Begin PBXNativeTarget section */
		4DAFD4FC1DBF9B0900CE4DDE /* Galaxy */ = {
			isa = PBXNativeTarget;
			buildConfigurationList = 4DAFD50F1DBF9B0900CE4DDE /* Build configuration list for PBXNativeTarget "Galaxy" */;
			buildPhases = (
				4DAFD4F91DBF9B0900CE4DDE /* Sources */,
				4DAFD4FA1DBF9B0900CE4DDE /* Frameworks */,
				4DAFD4FB1DBF9B0900CE4DDE /* Resources */,
			);
			buildRules = (
			);
			dependencies = (
			);
			name = Galaxy;
			productName = Galaxy;
			productReference = 4DAFD4FD1DBF9B0900CE4DDE /* Galaxy.app */;
			productType = "com.apple.product-type.application";
		};
/* End PBXNativeTarget section */

/* Begin PBXProject section */
		4DAFD4F51DBF9B0900CE4DDE /* Project object */ = {
			isa = PBXProject;
			attributes = {
				LastSwiftUpdateCheck = 0800;
				LastUpgradeCheck = 0800;
				ORGANIZATIONNAME = "Jason Schatz";
				TargetAttributes = {
					4DAFD4FC1DBF9B0900CE4DDE = {
						CreatedOnToolsVersion = 8.0;
						ProvisioningStyle = Automatic;
					};
				};
			};
			buildConfigurationList = 4DAFD4F81DBF9B0900CE4DDE /* Build configuration list for PBXProject "Galaxy" */;
			compatibilityVersion = "Xcode 3.2";
			developmentRegion = English;
			hasScannedForEncodings = 0;
			knownRegions = (
				en,
				Base,
			);
			mainGroup = 4DAFD4F41DBF9B0900CE4DDE;
			productRefGroup = 4DAFD4FE1DBF9B0900CE4DDE /* Products */;
			projectDirPath = "";
			projectRoot = "";
			targets = (
				4DAFD4FC1DBF9B0900CE4DDE /* Galaxy */,
			);
		};
/* End PBXProject section */

/* Begin PBXResourcesBuildPhase section */
		4DAFD4FB1DBF9B0900CE4DDE /* Resources */ = {
			isa = PBXResourcesBuildPhase;
			buildActionMask = 2147483647;
			files = (
				002DBE071DC0417000A686A0 /* Main.storyboard in Resources */,
				4DAFD5081DBF9B0900CE4DDE /* Assets.xcassets in Resources */,
			);
			runOnlyForDeploymentPostprocessing = 0;
		};
/* End PBXResourcesBuildPhase section */

/* Begin PBXSourcesBuildPhase section */
		4DAFD4F91DBF9B0900CE4DDE /* Sources */ = {
			isa = PBXSourcesBuildPhase;
			buildActionMask = 2147483647;
			files = (
				4DAFD5131DBFA3ED00CE4DDE /* GalaxyURLs.swift in Sources */,
				4DAFD5031DBF9B0900CE4DDE /* GalaxyViewController.swift in Sources */,
				4DAFD5011DBF9B0900CE4DDE /* AppDelegate.swift in Sources */,
			);
			runOnlyForDeploymentPostprocessing = 0;
		};
/* End PBXSourcesBuildPhase section */

/* Begin XCBuildConfiguration section */
		4DAFD50D1DBF9B0900CE4DDE /* Debug */ = {
			isa = XCBuildConfiguration;
			buildSettings = {
				ALWAYS_SEARCH_USER_PATHS = NO;
				CLANG_ANALYZER_NONNULL = YES;
				CLANG_CXX_LANGUAGE_STANDARD = "gnu++0x";
				CLANG_CXX_LIBRARY = "libc++";
				CLANG_ENABLE_MODULES = YES;
				CLANG_ENABLE_OBJC_ARC = YES;
				CLANG_WARN_BOOL_CONVERSION = YES;
				CLANG_WARN_CONSTANT_CONVERSION = YES;
				CLANG_WARN_DIRECT_OBJC_ISA_USAGE = YES_ERROR;
				CLANG_WARN_DOCUMENTATION_COMMENTS = YES;
				CLANG_WARN_EMPTY_BODY = YES;
				CLANG_WARN_ENUM_CONVERSION = YES;
				CLANG_WARN_INFINITE_RECURSION = YES;
				CLANG_WARN_INT_CONVERSION = YES;
				CLANG_WARN_OBJC_ROOT_CLASS = YES_ERROR;
				CLANG_WARN_SUSPICIOUS_MOVES = YES;
				CLANG_WARN_UNREACHABLE_CODE = YES;
				CLANG_WARN__DUPLICATE_METHOD_MATCH = YES;
				"CODE_SIGN_IDENTITY[sdk=iphoneos*]" = "iPhone Developer";
				COPY_PHASE_STRIP = NO;
				DEBUG_INFORMATION_FORMAT = dwarf;
				ENABLE_STRICT_OBJC_MSGSEND = YES;
				ENABLE_TESTABILITY = YES;
				GCC_C_LANGUAGE_STANDARD = gnu99;
				GCC_DYNAMIC_NO_PIC = NO;
				GCC_NO_COMMON_BLOCKS = YES;
				GCC_OPTIMIZATION_LEVEL = 0;
				GCC_PREPROCESSOR_DEFINITIONS = (
					"DEBUG=1",
					"$(inherited)",
				);
				GCC_WARN_64_TO_32_BIT_CONVERSION = YES;
				GCC_WARN_ABOUT_RETURN_TYPE = YES_ERROR;
				GCC_WARN_UNDECLARED_SELECTOR = YES;
				GCC_WARN_UNINITIALIZED_AUTOS = YES_AGGRESSIVE;
				GCC_WARN_UNUSED_FUNCTION = YES;
				GCC_WARN_UNUSED_VARIABLE = YES;
				IPHONEOS_DEPLOYMENT_TARGET = 10.0;
				MTL_ENABLE_DEBUG_INFO = YES;
				ONLY_ACTIVE_ARCH = YES;
				SDKROOT = iphoneos;
				SWIFT_ACTIVE_COMPILATION_CONDITIONS = DEBUG;
				SWIFT_OPTIMIZATION_LEVEL = "-Onone";
			};
			name = Debug;
		};
		4DAFD50E1DBF9B0900CE4DDE /* Release */ = {
			isa = XCBuildConfiguration;
			buildSettings = {
				ALWAYS_SEARCH_USER_PATHS = NO;
				CLANG_ANALYZER_NONNULL = YES;
				CLANG_CXX_LANGUAGE_STANDARD = "gnu++0x";
				CLANG_CXX_LIBRARY = "libc++";
				CLANG_ENABLE_MODULES = YES;
				CLANG_ENABLE_OBJC_ARC = YES;
				CLANG_WARN_BOOL_CONVERSION = YES;
				CLANG_WARN_CONSTANT_CONVERSION = YES;
				CLANG_WARN_DIRECT_OBJC_ISA_USAGE = YES_ERROR;
				CLANG_WARN_DOCUMENTATION_COMMENTS = YES;
				CLANG_WARN_EMPTY_BODY = YES;
				CLANG_WARN_ENUM_CONVERSION = YES;
				CLANG_WARN_INFINITE_RECURSION = YES;
				CLANG_WARN_INT_CONVERSION = YES;
				CLANG_WARN_OBJC_ROOT_CLASS = YES_ERROR;
				CLANG_WARN_SUSPICIOUS_MOVES = YES;
				CLANG_WARN_UNREACHABLE_CODE = YES;
				CLANG_WARN__DUPLICATE_METHOD_MATCH = YES;
				"CODE_SIGN_IDENTITY[sdk=iphoneos*]" = "iPhone Developer";
				COPY_PHASE_STRIP = NO;
				DEBUG_INFORMATION_FORMAT = "dwarf-with-dsym";
				ENABLE_NS_ASSERTIONS = NO;
				ENABLE_STRICT_OBJC_MSGSEND = YES;
				GCC_C_LANGUAGE_STANDARD = gnu99;
				GCC_NO_COMMON_BLOCKS = YES;
				GCC_WARN_64_TO_32_BIT_CONVERSION = YES;
				GCC_WARN_ABOUT_RETURN_TYPE = YES_ERROR;
				GCC_WARN_UNDECLARED_SELECTOR = YES;
				GCC_WARN_UNINITIALIZED_AUTOS = YES_AGGRESSIVE;
				GCC_WARN_UNUSED_FUNCTION = YES;
				GCC_WARN_UNUSED_VARIABLE = YES;
				IPHONEOS_DEPLOYMENT_TARGET = 10.0;
				MTL_ENABLE_DEBUG_INFO = NO;
				SDKROOT = iphoneos;
				SWIFT_OPTIMIZATION_LEVEL = "-Owholemodule";
				VALIDATE_PRODUCT = YES;
			};
			name = Release;
		};
		4DAFD5101DBF9B0900CE4DDE /* Debug */ = {
			isa = XCBuildConfiguration;
			buildSettings = {
				ASSETCATALOG_COMPILER_APPICON_NAME = AppIcon;
				INFOPLIST_FILE = Galaxy/Info.plist;
				IPHONEOS_DEPLOYMENT_TARGET = 9.3;
				LD_RUNPATH_SEARCH_PATHS = "$(inherited) @executable_path/Frameworks";
				PRODUCT_BUNDLE_IDENTIFIER = ccsf.Galaxy;
				PRODUCT_NAME = "$(TARGET_NAME)";
				SWIFT_VERSION = 2.3;
			};
			name = Debug;
		};
		4DAFD5111DBF9B0900CE4DDE /* Release */ = {
			isa = XCBuildConfiguration;
			buildSettings = {
				ASSETCATALOG_COMPILER_APPICON_NAME = AppIcon;
				INFOPLIST_FILE = Galaxy/Info.plist;
				IPHONEOS_DEPLOYMENT_TARGET = 9.3;
				LD_RUNPATH_SEARCH_PATHS = "$(inherited) @executable_path/Frameworks";
				PRODUCT_BUNDLE_IDENTIFIER = ccsf.Galaxy;
				PRODUCT_NAME = "$(TARGET_NAME)";
				SWIFT_VERSION = 2.3;
			};
			name = Release;
		};
/* End XCBuildConfiguration section */

/* Begin XCConfigurationList section */
		4DAFD4F81DBF9B0900CE4DDE /* Build configuration list for PBXProject "Galaxy" */ = {
			isa = XCConfigurationList;
			buildConfigurations = (
				4DAFD50D1DBF9B0900CE4DDE /* Debug */,
				4DAFD50E1DBF9B0900CE4DDE /* Release */,
			);
			defaultConfigurationIsVisible = 0;
			defaultConfigurationName = Release;
		};
		4DAFD50F1DBF9B0900CE4DDE /* Build configuration list for PBXNativeTarget "Galaxy" */ = {
			isa = XCConfigurationList;
			buildConfigurations = (
				4DAFD5101DBF9B0900CE4DDE /* Debug */,
				4DAFD5111DBF9B0900CE4DDE /* Release */,
			);
			defaultConfigurationIsVisible = 0;
			defaultConfigurationName = Release;
		};
/* End XCConfigurationList section */
	};
	rootObject = 4DAFD4F51DBF9B0900CE4DDE /* Project object */;
}
