// !$*UTF8*$!
{
	archiveVersion = 1;
	classes = {
	};
	objectVersion = 46;
	objects = {

/* Begin PBXBuildFile section */
		00A34FE11DADC3EE00864695 /* AppDelegate.swift in Sources */ = {isa = PBXBuildFile; fileRef = 00A34FE01DADC3EE00864695 /* AppDelegate.swift */; };
		00A34FE31DADC3EE00864695 /* ViewController.swift in Sources */ = {isa = PBXBuildFile; fileRef = 00A34FE21DADC3EE00864695 /* ViewController.swift */; };
		00A34FE61DADC3EE00864695 /* Main.storyboard in Resources */ = {isa = PBXBuildFile; fileRef = 00A34FE41DADC3EE00864695 /* Main.storyboard */; };
		00A34FE81DADC3EE00864695 /* Assets.xcassets in Resources */ = {isa = PBXBuildFile; fileRef = 00A34FE71DADC3EE00864695 /* Assets.xcassets */; };
		00A34FEB1DADC3EE00864695 /* LaunchScreen.storyboard in Resources */ = {isa = PBXBuildFile; fileRef = 00A34FE91DADC3EE00864695 /* LaunchScreen.storyboard */; };
		00A34FF31DADD64600864695 /* ColorCell.swift in Sources */ = {isa = PBXBuildFile; fileRef = 00A34FF21DADD64600864695 /* ColorCell.swift */; };
/* End PBXBuildFile section */

/* Begin PBXFileReference section */
		00A34FDD1DADC3EE00864695 /* ColorTable.app */ = {isa = PBXFileReference; explicitFileType = wrapper.application; includeInIndex = 0; path = ColorTable.app; sourceTree = BUILT_PRODUCTS_DIR; };
		00A34FE01DADC3EE00864695 /* AppDelegate.swift */ = {isa = PBXFileReference; lastKnownFileType = sourcecode.swift; path = AppDelegate.swift; sourceTree = "<group>"; };
		00A34FE21DADC3EE00864695 /* ViewController.swift */ = {isa = PBXFileReference; lastKnownFileType = sourcecode.swift; path = ViewController.swift; sourceTree = "<group>"; };
		00A34FE51DADC3EE00864695 /* Base */ = {isa = PBXFileReference; lastKnownFileType = file.storyboard; name = Base; path = Base.lproj/Main.storyboard; sourceTree = "<group>"; };
		00A34FE71DADC3EE00864695 /* Assets.xcassets */ = {isa = PBXFileReference; lastKnownFileType = folder.assetcatalog; path = Assets.xcassets; sourceTree = "<group>"; };
		00A34FEA1DADC3EE00864695 /* Base */ = {isa = PBXFileReference; lastKnownFileType = file.storyboard; name = Base; path = Base.lproj/LaunchScreen.storyboard; sourceTree = "<group>"; };
		00A34FEC1DADC3EE00864695 /* Info.plist */ = {isa = PBXFileReference; lastKnownFileType = text.plist.xml; path = Info.plist; sourceTree = "<group>"; };
		00A34FF21DADD64600864695 /* ColorCell.swift */ = {isa = PBXFileReference; fileEncoding = 4; lastKnownFileType = sourcecode.swift; path = ColorCell.swift; sourceTree = "<group>"; };
/* End PBXFileReference section */

/* Begin PBXFrameworksBuildPhase section */
		00A34FDA1DADC3EE00864695 /* Frameworks */ = {
			isa = PBXFrameworksBuildPhase;
			buildActionMask = 2147483647;
			files = (
			);
			runOnlyForDeploymentPostprocessing = 0;
		};
/* End PBXFrameworksBuildPhase section */

/* Begin PBXGroup section */
		00A34FD41DADC3EE00864695 = {
			isa = PBXGroup;
			children = (
				00A34FDF1DADC3EE00864695 /* ColorTable */,
				00A34FDE1DADC3EE00864695 /* Products */,
			);
			sourceTree = "<group>";
		};
		00A34FDE1DADC3EE00864695 /* Products */ = {
			isa = PBXGroup;
			children = (
				00A34FDD1DADC3EE00864695 /* ColorTable.app */,
			);
			name = Products;
			sourceTree = "<group>";
		};
		00A34FDF1DADC3EE00864695 /* ColorTable */ = {
			isa = PBXGroup;
			children = (
				00A34FE01DADC3EE00864695 /* AppDelegate.swift */,
				00A34FE21DADC3EE00864695 /* ViewController.swift */,
				00A34FE41DADC3EE00864695 /* Main.storyboard */,
				00A34FE71DADC3EE00864695 /* Assets.xcassets */,
				00A34FE91DADC3EE00864695 /* LaunchScreen.storyboard */,
				00A34FEC1DADC3EE00864695 /* Info.plist */,
				00A34FF21DADD64600864695 /* ColorCell.swift */,
			);
			path = ColorTable;
			sourceTree = "<group>";
		};
/* End PBXGroup section */

/* Begin PBXNativeTarget section */
		00A34FDC1DADC3EE00864695 /* ColorTable */ = {
			isa = PBXNativeTarget;
			buildConfigurationList = 00A34FEF1DADC3EE00864695 /* Build configuration list for PBXNativeTarget "ColorTable" */;
			buildPhases = (
				00A34FD91DADC3EE00864695 /* Sources */,
				00A34FDA1DADC3EE00864695 /* Frameworks */,
				00A34FDB1DADC3EE00864695 /* Resources */,
			);
			buildRules = (
			);
			dependencies = (
			);
			name = ColorTable;
			productName = ColorTable;
			productReference = 00A34FDD1DADC3EE00864695 /* ColorTable.app */;
			productType = "com.apple.product-type.application";
		};
/* End PBXNativeTarget section */

/* Begin PBXProject section */
		00A34FD51DADC3EE00864695 /* Project object */ = {
			isa = PBXProject;
			attributes = {
				LastSwiftUpdateCheck = 0730;
				LastUpgradeCheck = 0730;
				ORGANIZATIONNAME = ccsfcomputers;
				TargetAttributes = {
					00A34FDC1DADC3EE00864695 = {
						CreatedOnToolsVersion = 7.3.1;
					};
				};
			};
			buildConfigurationList = 00A34FD81DADC3EE00864695 /* Build configuration list for PBXProject "ColorTable" */;
			compatibilityVersion = "Xcode 3.2";
			developmentRegion = English;
			hasScannedForEncodings = 0;
			knownRegions = (
				en,
				Base,
			);
			mainGroup = 00A34FD41DADC3EE00864695;
			productRefGroup = 00A34FDE1DADC3EE00864695 /* Products */;
			projectDirPath = "";
			projectRoot = "";
			targets = (
				00A34FDC1DADC3EE00864695 /* ColorTable */,
			);
		};
/* End PBXProject section */

/* Begin PBXResourcesBuildPhase section */
		00A34FDB1DADC3EE00864695 /* Resources */ = {
			isa = PBXResourcesBuildPhase;
			buildActionMask = 2147483647;
			files = (
				00A34FEB1DADC3EE00864695 /* LaunchScreen.storyboard in Resources */,
				00A34FE81DADC3EE00864695 /* Assets.xcassets in Resources */,
				00A34FE61DADC3EE00864695 /* Main.storyboard in Resources */,
			);
			runOnlyForDeploymentPostprocessing = 0;
		};
/* End PBXResourcesBuildPhase section */

/* Begin PBXSourcesBuildPhase section */
		00A34FD91DADC3EE00864695 /* Sources */ = {
			isa = PBXSourcesBuildPhase;
			buildActionMask = 2147483647;
			files = (
				00A34FE31DADC3EE00864695 /* ViewController.swift in Sources */,
				00A34FE11DADC3EE00864695 /* AppDelegate.swift in Sources */,
				00A34FF31DADD64600864695 /* ColorCell.swift in Sources */,
			);
			runOnlyForDeploymentPostprocessing = 0;
		};
/* End PBXSourcesBuildPhase section */

/* Begin PBXVariantGroup section */
		00A34FE41DADC3EE00864695 /* Main.storyboard */ = {
			isa = PBXVariantGroup;
			children = (
				00A34FE51DADC3EE00864695 /* Base */,
			);
			name = Main.storyboard;
			sourceTree = "<group>";
		};
		00A34FE91DADC3EE00864695 /* LaunchScreen.storyboard */ = {
			isa = PBXVariantGroup;
			children = (
				00A34FEA1DADC3EE00864695 /* Base */,
			);
			name = LaunchScreen.storyboard;
			sourceTree = "<group>";
		};
/* End PBXVariantGroup section */

/* Begin XCBuildConfiguration section */
		00A34FED1DADC3EE00864695 /* Debug */ = {
			isa = XCBuildConfiguration;
			buildSettings = {
				ALWAYS_SEARCH_USER_PATHS = NO;
				CLANG_ANALYZER_NONNULL = YES;
				CLANG_CXX_LANGUAGE_STANDARD = "gnu++0x";
				CLANG_CXX_LIBRARY = "libc++";
				CLANG_ENABLE_MODULES = YES;
				CLANG_ENABLE_OBJC_ARC = YES;
				CLANG_WARN_BOOL_CONVERSION = YES;
				CLANG_WARN_CONSTANT_CONVERSION = YES;
				CLANG_WARN_DIRECT_OBJC_ISA_USAGE = YES_ERROR;
				CLANG_WARN_EMPTY_BODY = YES;
				CLANG_WARN_ENUM_CONVERSION = YES;
				CLANG_WARN_INT_CONVERSION = YES;
				CLANG_WARN_OBJC_ROOT_CLASS = YES_ERROR;
				CLANG_WARN_UNREACHABLE_CODE = YES;
				CLANG_WARN__DUPLICATE_METHOD_MATCH = YES;
				"CODE_SIGN_IDENTITY[sdk=iphoneos*]" = "iPhone Developer";
				COPY_PHASE_STRIP = NO;
				DEBUG_INFORMATION_FORMAT = dwarf;
				ENABLE_STRICT_OBJC_MSGSEND = YES;
				ENABLE_TESTABILITY = YES;
				GCC_C_LANGUAGE_STANDARD = gnu99;
				GCC_DYNAMIC_NO_PIC = NO;
				GCC_NO_COMMON_BLOCKS = YES;
				GCC_OPTIMIZATION_LEVEL = 0;
				GCC_PREPROCESSOR_DEFINITIONS = (
					"DEBUG=1",
					"$(inherited)",
				);
				GCC_WARN_64_TO_32_BIT_CONVERSION = YES;
				GCC_WARN_ABOUT_RETURN_TYPE = YES_ERROR;
				GCC_WARN_UNDECLARED_SELECTOR = YES;
				GCC_WARN_UNINITIALIZED_AUTOS = YES_AGGRESSIVE;
				GCC_WARN_UNUSED_FUNCTION = YES;
				GCC_WARN_UNUSED_VARIABLE = YES;
				IPHONEOS_DEPLOYMENT_TARGET = 9.3;
				MTL_ENABLE_DEBUG_INFO = YES;
				ONLY_ACTIVE_ARCH = YES;
				SDKROOT = iphoneos;
				SWIFT_OPTIMIZATION_LEVEL = "-Onone";
			};
			name = Debug;
		};
		00A34FEE1DADC3EE00864695 /* Release */ = {
			isa = XCBuildConfiguration;
			buildSettings = {
				ALWAYS_SEARCH_USER_PATHS = NO;
				CLANG_ANALYZER_NONNULL = YES;
				CLANG_CXX_LANGUAGE_STANDARD = "gnu++0x";
				CLANG_CXX_LIBRARY = "libc++";
				CLANG_ENABLE_MODULES = YES;
				CLANG_ENABLE_OBJC_ARC = YES;
				CLANG_WARN_BOOL_CONVERSION = YES;
				CLANG_WARN_CONSTANT_CONVERSION = YES;
				CLANG_WARN_DIRECT_OBJC_ISA_USAGE = YES_ERROR;
				CLANG_WARN_EMPTY_BODY = YES;
				CLANG_WARN_ENUM_CONVERSION = YES;
				CLANG_WARN_INT_CONVERSION = YES;
				CLANG_WARN_OBJC_ROOT_CLASS = YES_ERROR;
				CLANG_WARN_UNREACHABLE_CODE = YES;
				CLANG_WARN__DUPLICATE_METHOD_MATCH = YES;
				"CODE_SIGN_IDENTITY[sdk=iphoneos*]" = "iPhone Developer";
				COPY_PHASE_STRIP = NO;
				DEBUG_INFORMATION_FORMAT = "dwarf-with-dsym";
				ENABLE_NS_ASSERTIONS = NO;
				ENABLE_STRICT_OBJC_MSGSEND = YES;
				GCC_C_LANGUAGE_STANDARD = gnu99;
				GCC_NO_COMMON_BLOCKS = YES;
				GCC_WARN_64_TO_32_BIT_CONVERSION = YES;
				GCC_WARN_ABOUT_RETURN_TYPE = YES_ERROR;
				GCC_WARN_UNDECLARED_SELECTOR = YES;
				GCC_WARN_UNINITIALIZED_AUTOS = YES_AGGRESSIVE;
				GCC_WARN_UNUSED_FUNCTION = YES;
				GCC_WARN_UNUSED_VARIABLE = YES;
				IPHONEOS_DEPLOYMENT_TARGET = 9.3;
				MTL_ENABLE_DEBUG_INFO = NO;
				SDKROOT = iphoneos;
				VALIDATE_PRODUCT = YES;
			};
			name = Release;
		};
		00A34FF01DADC3EE00864695 /* Debug */ = {
			isa = XCBuildConfiguration;
			buildSettings = {
				ASSETCATALOG_COMPILER_APPICON_NAME = AppIcon;
				INFOPLIST_FILE = ColorTable/Info.plist;
				LD_RUNPATH_SEARCH_PATHS = "$(inherited) @executable_path/Frameworks";
				PRODUCT_BUNDLE_IDENTIFIER = ccsf.ColorTable;
				PRODUCT_NAME = "$(TARGET_NAME)";
			};
			name = Debug;
		};
		00A34FF11DADC3EE00864695 /* Release */ = {
			isa = XCBuildConfiguration;
			buildSettings = {
				ASSETCATALOG_COMPILER_APPICON_NAME = AppIcon;
				INFOPLIST_FILE = ColorTable/Info.plist;
				LD_RUNPATH_SEARCH_PATHS = "$(inherited) @executable_path/Frameworks";
				PRODUCT_BUNDLE_IDENTIFIER = ccsf.ColorTable;
				PRODUCT_NAME = "$(TARGET_NAME)";
			};
			name = Release;
		};
/* End XCBuildConfiguration section */

/* Begin XCConfigurationList section */
		00A34FD81DADC3EE00864695 /* Build configuration list for PBXProject "ColorTable" */ = {
			isa = XCConfigurationList;
			buildConfigurations = (
				00A34FED1DADC3EE00864695 /* Debug */,
				00A34FEE1DADC3EE00864695 /* Release */,
			);
			defaultConfigurationIsVisible = 0;
			defaultConfigurationName = Release;
		};
		00A34FEF1DADC3EE00864695 /* Build configuration list for PBXNativeTarget "ColorTable" */ = {
			isa = XCConfigurationList;
			buildConfigurations = (
				00A34FF01DADC3EE00864695 /* Debug */,
				00A34FF11DADC3EE00864695 /* Release */,
			);
			defaultConfigurationIsVisible = 0;
		};
/* End XCConfigurationList section */
	};
	rootObject = 00A34FD51DADC3EE00864695 /* Project object */;
}
