// !$*UTF8*$!
{
	archiveVersion = 1;
	classes = {
	};
	objectVersion = 46;
	objects = {

/* Begin PBXBuildFile section */
		00E02E8E1D7FC07900224BC3 /* AppDelegate.swift in Sources */ = {isa = PBXBuildFile; fileRef = 00E02E8D1D7FC07900224BC3 /* AppDelegate.swift */; };
		00E02E901D7FC07900224BC3 /* ViewController.swift in Sources */ = {isa = PBXBuildFile; fileRef = 00E02E8F1D7FC07900224BC3 /* ViewController.swift */; };
		00E02E931D7FC07900224BC3 /* Main.storyboard in Resources */ = {isa = PBXBuildFile; fileRef = 00E02E911D7FC07900224BC3 /* Main.storyboard */; };
		00E02E951D7FC07900224BC3 /* Assets.xcassets in Resources */ = {isa = PBXBuildFile; fileRef = 00E02E941D7FC07900224BC3 /* Assets.xcassets */; };
		00E02E981D7FC07900224BC3 /* LaunchScreen.storyboard in Resources */ = {isa = PBXBuildFile; fileRef = 00E02E961D7FC07900224BC3 /* LaunchScreen.storyboard */; };
		4DDFC2701D8088C5004ACCE5 /* Counter.swift in Sources */ = {isa = PBXBuildFile; fileRef = 4DDFC26F1D8088C5004ACCE5 /* Counter.swift */; };
/* End PBXBuildFile section */

/* Begin PBXFileReference section */
		00E02E8A1D7FC07900224BC3 /* Storyboard Click Count.app */ = {isa = PBXFileReference; explicitFileType = wrapper.application; includeInIndex = 0; path = "Storyboard Click Count.app"; sourceTree = BUILT_PRODUCTS_DIR; };
		00E02E8D1D7FC07900224BC3 /* AppDelegate.swift */ = {isa = PBXFileReference; lastKnownFileType = sourcecode.swift; path = AppDelegate.swift; sourceTree = "<group>"; };
		00E02E8F1D7FC07900224BC3 /* ViewController.swift */ = {isa = PBXFileReference; lastKnownFileType = sourcecode.swift; path = ViewController.swift; sourceTree = "<group>"; };
		00E02E921D7FC07900224BC3 /* Base */ = {isa = PBXFileReference; lastKnownFileType = file.storyboard; name = Base; path = Base.lproj/Main.storyboard; sourceTree = "<group>"; };
		00E02E941D7FC07900224BC3 /* Assets.xcassets */ = {isa = PBXFileReference; lastKnownFileType = folder.assetcatalog; path = Assets.xcassets; sourceTree = "<group>"; };
		00E02E971D7FC07900224BC3 /* Base */ = {isa = PBXFileReference; lastKnownFileType = file.storyboard; name = Base; path = Base.lproj/LaunchScreen.storyboard; sourceTree = "<group>"; };
		00E02E991D7FC07900224BC3 /* Info.plist */ = {isa = PBXFileReference; lastKnownFileType = text.plist.xml; path = Info.plist; sourceTree = "<group>"; };
		4DDFC26F1D8088C5004ACCE5 /* Counter.swift */ = {isa = PBXFileReference; fileEncoding = 4; lastKnownFileType = sourcecode.swift; path = Counter.swift; sourceTree = "<group>"; };
/* End PBXFileReference section */

/* Begin PBXFrameworksBuildPhase section */
		00E02E871D7FC07900224BC3 /* Frameworks */ = {
			isa = PBXFrameworksBuildPhase;
			buildActionMask = 2147483647;
			files = (
			);
			runOnlyForDeploymentPostprocessing = 0;
		};
/* End PBXFrameworksBuildPhase section */

/* Begin PBXGroup section */
		00E02E811D7FC07900224BC3 = {
			isa = PBXGroup;
			children = (
				00E02E8C1D7FC07900224BC3 /* Storyboard Click Count */,
				00E02E8B1D7FC07900224BC3 /* Products */,
			);
			sourceTree = "<group>";
		};
		00E02E8B1D7FC07900224BC3 /* Products */ = {
			isa = PBXGroup;
			children = (
				00E02E8A1D7FC07900224BC3 /* Storyboard Click Count.app */,
			);
			name = Products;
			sourceTree = "<group>";
		};
		00E02E8C1D7FC07900224BC3 /* Storyboard Click Count */ = {
			isa = PBXGroup;
			children = (
				4DDFC26F1D8088C5004ACCE5 /* Counter.swift */,
				00E02E8D1D7FC07900224BC3 /* AppDelegate.swift */,
				00E02E8F1D7FC07900224BC3 /* ViewController.swift */,
				00E02E911D7FC07900224BC3 /* Main.storyboard */,
				00E02E941D7FC07900224BC3 /* Assets.xcassets */,
				00E02E961D7FC07900224BC3 /* LaunchScreen.storyboard */,
				00E02E991D7FC07900224BC3 /* Info.plist */,
			);
			path = "Storyboard Click Count";
			sourceTree = "<group>";
		};
/* End PBXGroup section */

/* Begin PBXNativeTarget section */
		00E02E891D7FC07900224BC3 /* Storyboard Click Count */ = {
			isa = PBXNativeTarget;
			buildConfigurationList = 00E02E9C1D7FC07900224BC3 /* Build configuration list for PBXNativeTarget "Storyboard Click Count" */;
			buildPhases = (
				00E02E861D7FC07900224BC3 /* Sources */,
				00E02E871D7FC07900224BC3 /* Frameworks */,
				00E02E881D7FC07900224BC3 /* Resources */,
			);
			buildRules = (
			);
			dependencies = (
			);
			name = "Storyboard Click Count";
			productName = "Storyboard Click Count";
			productReference = 00E02E8A1D7FC07900224BC3 /* Storyboard Click Count.app */;
			productType = "com.apple.product-type.application";
		};
/* End PBXNativeTarget section */

/* Begin PBXProject section */
		00E02E821D7FC07900224BC3 /* Project object */ = {
			isa = PBXProject;
			attributes = {
				LastSwiftUpdateCheck = 0730;
				LastUpgradeCheck = 0730;
				ORGANIZATIONNAME = ccsfcomputers;
				TargetAttributes = {
					00E02E891D7FC07900224BC3 = {
						CreatedOnToolsVersion = 7.3.1;
					};
				};
			};
			buildConfigurationList = 00E02E851D7FC07900224BC3 /* Build configuration list for PBXProject "Storyboard Click Count" */;
			compatibilityVersion = "Xcode 3.2";
			developmentRegion = English;
			hasScannedForEncodings = 0;
			knownRegions = (
				en,
				Base,
			);
			mainGroup = 00E02E811D7FC07900224BC3;
			productRefGroup = 00E02E8B1D7FC07900224BC3 /* Products */;
			projectDirPath = "";
			projectRoot = "";
			targets = (
				00E02E891D7FC07900224BC3 /* Storyboard Click Count */,
			);
		};
/* End PBXProject section */

/* Begin PBXResourcesBuildPhase section */
		00E02E881D7FC07900224BC3 /* Resources */ = {
			isa = PBXResourcesBuildPhase;
			buildActionMask = 2147483647;
			files = (
				00E02E981D7FC07900224BC3 /* LaunchScreen.storyboard in Resources */,
				00E02E951D7FC07900224BC3 /* Assets.xcassets in Resources */,
				00E02E931D7FC07900224BC3 /* Main.storyboard in Resources */,
			);
			runOnlyForDeploymentPostprocessing = 0;
		};
/* End PBXResourcesBuildPhase section */

/* Begin PBXSourcesBuildPhase section */
		00E02E861D7FC07900224BC3 /* Sources */ = {
			isa = PBXSourcesBuildPhase;
			buildActionMask = 2147483647;
			files = (
				00E02E901D7FC07900224BC3 /* ViewController.swift in Sources */,
				00E02E8E1D7FC07900224BC3 /* AppDelegate.swift in Sources */,
				4DDFC2701D8088C5004ACCE5 /* Counter.swift in Sources */,
			);
			runOnlyForDeploymentPostprocessing = 0;
		};
/* End PBXSourcesBuildPhase section */

/* Begin PBXVariantGroup section */
		00E02E911D7FC07900224BC3 /* Main.storyboard */ = {
			isa = PBXVariantGroup;
			children = (
				00E02E921D7FC07900224BC3 /* Base */,
			);
			name = Main.storyboard;
			sourceTree = "<group>";
		};
		00E02E961D7FC07900224BC3 /* LaunchScreen.storyboard */ = {
			isa = PBXVariantGroup;
			children = (
				00E02E971D7FC07900224BC3 /* Base */,
			);
			name = LaunchScreen.storyboard;
			sourceTree = "<group>";
		};
/* End PBXVariantGroup section */

/* Begin XCBuildConfiguration section */
		00E02E9A1D7FC07900224BC3 /* Debug */ = {
			isa = XCBuildConfiguration;
			buildSettings = {
				ALWAYS_SEARCH_USER_PATHS = NO;
				CLANG_ANALYZER_NONNULL = YES;
				CLANG_CXX_LANGUAGE_STANDARD = "gnu++0x";
				CLANG_CXX_LIBRARY = "libc++";
				CLANG_ENABLE_MODULES = YES;
				CLANG_ENABLE_OBJC_ARC = YES;
				CLANG_WARN_BOOL_CONVERSION = YES;
				CLANG_WARN_CONSTANT_CONVERSION = YES;
				CLANG_WARN_DIRECT_OBJC_ISA_USAGE = YES_ERROR;
				CLANG_WARN_EMPTY_BODY = YES;
				CLANG_WARN_ENUM_CONVERSION = YES;
				CLANG_WARN_INT_CONVERSION = YES;
				CLANG_WARN_OBJC_ROOT_CLASS = YES_ERROR;
				CLANG_WARN_UNREACHABLE_CODE = YES;
				CLANG_WARN__DUPLICATE_METHOD_MATCH = YES;
				"CODE_SIGN_IDENTITY[sdk=iphoneos*]" = "iPhone Developer";
				COPY_PHASE_STRIP = NO;
				DEBUG_INFORMATION_FORMAT = dwarf;
				ENABLE_STRICT_OBJC_MSGSEND = YES;
				ENABLE_TESTABILITY = YES;
				GCC_C_LANGUAGE_STANDARD = gnu99;
				GCC_DYNAMIC_NO_PIC = NO;
				GCC_NO_COMMON_BLOCKS = YES;
				GCC_OPTIMIZATION_LEVEL = 0;
				GCC_PREPROCESSOR_DEFINITIONS = (
					"DEBUG=1",
					"$(inherited)",
				);
				GCC_WARN_64_TO_32_BIT_CONVERSION = YES;
				GCC_WARN_ABOUT_RETURN_TYPE = YES_ERROR;
				GCC_WARN_UNDECLARED_SELECTOR = YES;
				GCC_WARN_UNINITIALIZED_AUTOS = YES_AGGRESSIVE;
				GCC_WARN_UNUSED_FUNCTION = YES;
				GCC_WARN_UNUSED_VARIABLE = YES;
				IPHONEOS_DEPLOYMENT_TARGET = 9.3;
				MTL_ENABLE_DEBUG_INFO = YES;
				ONLY_ACTIVE_ARCH = YES;
				SDKROOT = iphoneos;
				SWIFT_OPTIMIZATION_LEVEL = "-Onone";
			};
			name = Debug;
		};
		00E02E9B1D7FC07900224BC3 /* Release */ = {
			isa = XCBuildConfiguration;
			buildSettings = {
				ALWAYS_SEARCH_USER_PATHS = NO;
				CLANG_ANALYZER_NONNULL = YES;
				CLANG_CXX_LANGUAGE_STANDARD = "gnu++0x";
				CLANG_CXX_LIBRARY = "libc++";
				CLANG_ENABLE_MODULES = YES;
				CLANG_ENABLE_OBJC_ARC = YES;
				CLANG_WARN_BOOL_CONVERSION = YES;
				CLANG_WARN_CONSTANT_CONVERSION = YES;
				CLANG_WARN_DIRECT_OBJC_ISA_USAGE = YES_ERROR;
				CLANG_WARN_EMPTY_BODY = YES;
				CLANG_WARN_ENUM_CONVERSION = YES;
				CLANG_WARN_INT_CONVERSION = YES;
				CLANG_WARN_OBJC_ROOT_CLASS = YES_ERROR;
				CLANG_WARN_UNREACHABLE_CODE = YES;
				CLANG_WARN__DUPLICATE_METHOD_MATCH = YES;
				"CODE_SIGN_IDENTITY[sdk=iphoneos*]" = "iPhone Developer";
				COPY_PHASE_STRIP = NO;
				DEBUG_INFORMATION_FORMAT = "dwarf-with-dsym";
				ENABLE_NS_ASSERTIONS = NO;
				ENABLE_STRICT_OBJC_MSGSEND = YES;
				GCC_C_LANGUAGE_STANDARD = gnu99;
				GCC_NO_COMMON_BLOCKS = YES;
				GCC_WARN_64_TO_32_BIT_CONVERSION = YES;
				GCC_WARN_ABOUT_RETURN_TYPE = YES_ERROR;
				GCC_WARN_UNDECLARED_SELECTOR = YES;
				GCC_WARN_UNINITIALIZED_AUTOS = YES_AGGRESSIVE;
				GCC_WARN_UNUSED_FUNCTION = YES;
				GCC_WARN_UNUSED_VARIABLE = YES;
				IPHONEOS_DEPLOYMENT_TARGET = 9.3;
				MTL_ENABLE_DEBUG_INFO = NO;
				SDKROOT = iphoneos;
				VALIDATE_PRODUCT = YES;
			};
			name = Release;
		};
		00E02E9D1D7FC07900224BC3 /* Debug */ = {
			isa = XCBuildConfiguration;
			buildSettings = {
				ASSETCATALOG_COMPILER_APPICON_NAME = AppIcon;
				INFOPLIST_FILE = "Storyboard Click Count/Info.plist";
				LD_RUNPATH_SEARCH_PATHS = "$(inherited) @executable_path/Frameworks";
				PRODUCT_BUNDLE_IDENTIFIER = "ccsf.Storyboard-Click-Count";
				PRODUCT_NAME = "$(TARGET_NAME)";
			};
			name = Debug;
		};
		00E02E9E1D7FC07900224BC3 /* Release */ = {
			isa = XCBuildConfiguration;
			buildSettings = {
				ASSETCATALOG_COMPILER_APPICON_NAME = AppIcon;
				INFOPLIST_FILE = "Storyboard Click Count/Info.plist";
				LD_RUNPATH_SEARCH_PATHS = "$(inherited) @executable_path/Frameworks";
				PRODUCT_BUNDLE_IDENTIFIER = "ccsf.Storyboard-Click-Count";
				PRODUCT_NAME = "$(TARGET_NAME)";
			};
			name = Release;
		};
/* End XCBuildConfiguration section */

/* Begin XCConfigurationList section */
		00E02E851D7FC07900224BC3 /* Build configuration list for PBXProject "Storyboard Click Count" */ = {
			isa = XCConfigurationList;
			buildConfigurations = (
				00E02E9A1D7FC07900224BC3 /* Debug */,
				00E02E9B1D7FC07900224BC3 /* Release */,
			);
			defaultConfigurationIsVisible = 0;
			defaultConfigurationName = Release;
		};
		00E02E9C1D7FC07900224BC3 /* Build configuration list for PBXNativeTarget "Storyboard Click Count" */ = {
			isa = XCConfigurationList;
			buildConfigurations = (
				00E02E9D1D7FC07900224BC3 /* Debug */,
				00E02E9E1D7FC07900224BC3 /* Release */,
			);
			defaultConfigurationIsVisible = 0;
			defaultConfigurationName = Release;
		};
/* End XCConfigurationList section */
	};
	rootObject = 00E02E821D7FC07900224BC3 /* Project object */;
}
